
Microsoft Visual Studio Solution File, Format Version 12.00
# Visual Studio Version 16
VisualStudioVersion = 16.0.29004.115
MinimumVisualStudioVersion = 15.0.26124.0
Project("{9A19103F-16F7-4668-BE54-9A1E7A4F7556}") = "BlazingPizza.Shared", "BlazingPizza.Shared\BlazingPizza.Shared.csproj", "{42410116-06C1-4D19-B5FC-BD1F85F918B3}"
EndProject
Project("{9A19103F-16F7-4668-BE54-9A1E7A4F7556}") = "BlazingPizza.ComponentsLibrary", "BlazingPizza.ComponentsLibrary\BlazingPizza.ComponentsLibrary.csproj", "{77601C05-0A91-4895-A1A1-B5F90422DAB8}"
EndProject
Project("{9A19103F-16F7-4668-BE54-9A1E7A4F7556}") = "BlazingComponents", "BlazingComponents\BlazingComponents.csproj", "{659BA43E-C36D-4F2D-A715-22465BE90792}"
EndProject
Project("{9A19103F-16F7-4668-BE54-9A1E7A4F7556}") = "BlazingPizza.Orders", "BlazingPizza.Orders\BlazingPizza.Orders.csproj", "{CA1BD033-740D-44A6-839A-6EB0EEC22003}"
EndProject
Project("{9A19103F-16F7-4668-BE54-9A1E7A4F7556}") = "BlazingPizza.Menu", "BlazingPizza.Menu\BlazingPizza.Menu.csproj", "{9ED75211-EBB1-4D8B-B6FF-1BA73C2C1D7D}"
EndProject
Project("{9A19103F-16F7-4668-BE54-9A1E7A4F7556}") = "BlazingPizza.Web", "BlazingPizza.Web\BlazingPizza.Web.csproj", "{F0B733D7-4E20-4616-BBCB-9763800BEC9D}"
EndProject
Global
	GlobalSection(SolutionConfigurationPlatforms) = preSolution
		Debug|Any CPU = Debug|Any CPU
		Debug|x64 = Debug|x64
		Debug|x86 = Debug|x86
		Release|Any CPU = Release|Any CPU
		Release|x64 = Release|x64
		Release|x86 = Release|x86
	EndGlobalSection
	GlobalSection(ProjectConfigurationPlatforms) = postSolution
		{42410116-06C1-4D19-B5FC-BD1F85F918B3}.Debug|Any CPU.ActiveCfg = Debug|Any CPU
		{42410116-06C1-4D19-B5FC-BD1F85F918B3}.Debug|Any CPU.Build.0 = Debug|Any CPU
		{42410116-06C1-4D19-B5FC-BD1F85F918B3}.Debug|x64.ActiveCfg = Debug|Any CPU
		{42410116-06C1-4D19-B5FC-BD1F85F918B3}.Debug|x64.Build.0 = Debug|Any CPU
		{42410116-06C1-4D19-B5FC-BD1F85F918B3}.Debug|x86.ActiveCfg = Debug|Any CPU
		{42410116-06C1-4D19-B5FC-BD1F85F918B3}.Debug|x86.Build.0 = Debug|Any CPU
		{42410116-06C1-4D19-B5FC-BD1F85F918B3}.Release|Any CPU.ActiveCfg = Release|Any CPU
		{42410116-06C1-4D19-B5FC-BD1F85F918B3}.Release|Any CPU.Build.0 = Release|Any CPU
		{42410116-06C1-4D19-B5FC-BD1F85F918B3}.Release|x64.ActiveCfg = Release|Any CPU
		{42410116-06C1-4D19-B5FC-BD1F85F918B3}.Release|x64.Build.0 = Release|Any CPU
		{42410116-06C1-4D19-B5FC-BD1F85F918B3}.Release|x86.ActiveCfg = Release|Any CPU
		{42410116-06C1-4D19-B5FC-BD1F85F918B3}.Release|x86.Build.0 = Release|Any CPU
		{77601C05-0A91-4895-A1A1-B5F90422DAB8}.Debug|Any CPU.ActiveCfg = Debug|Any CPU
		{77601C05-0A91-4895-A1A1-B5F90422DAB8}.Debug|Any CPU.Build.0 = Debug|Any CPU
		{77601C05-0A91-4895-A1A1-B5F90422DAB8}.Debug|x64.ActiveCfg = Debug|Any CPU
		{77601C05-0A91-4895-A1A1-B5F90422DAB8}.Debug|x64.Build.0 = Debug|Any CPU
		{77601C05-0A91-4895-A1A1-B5F90422DAB8}.Debug|x86.ActiveCfg = Debug|Any CPU
		{77601C05-0A91-4895-A1A1-B5F90422DAB8}.Debug|x86.Build.0 = Debug|Any CPU
		{77601C05-0A91-4895-A1A1-B5F90422DAB8}.Release|Any CPU.ActiveCfg = Release|Any CPU
		{77601C05-0A91-4895-A1A1-B5F90422DAB8}.Release|Any CPU.Build.0 = Release|Any CPU
		{77601C05-0A91-4895-A1A1-B5F90422DAB8}.Release|x64.ActiveCfg = Release|Any CPU
		{77601C05-0A91-4895-A1A1-B5F90422DAB8}.Release|x64.Build.0 = Release|Any CPU
		{77601C05-0A91-4895-A1A1-B5F90422DAB8}.Release|x86.ActiveCfg = Release|Any CPU
		{77601C05-0A91-4895-A1A1-B5F90422DAB8}.Release|x86.Build.0 = Release|Any CPU
		{659BA43E-C36D-4F2D-A715-22465BE90792}.Debug|Any CPU.ActiveCfg = Debug|Any CPU
		{659BA43E-C36D-4F2D-A715-22465BE90792}.Debug|Any CPU.Build.0 = Debug|Any CPU
		{659BA43E-C36D-4F2D-A715-22465BE90792}.Debug|x64.ActiveCfg = Debug|Any CPU
		{659BA43E-C36D-4F2D-A715-22465BE90792}.Debug|x64.Build.0 = Debug|Any CPU
		{659BA43E-C36D-4F2D-A715-22465BE90792}.Debug|x86.ActiveCfg = Debug|Any CPU
		{659BA43E-C36D-4F2D-A715-22465BE90792}.Debug|x86.Build.0 = Debug|Any CPU
		{659BA43E-C36D-4F2D-A715-22465BE90792}.Release|Any CPU.ActiveCfg = Release|Any CPU
		{659BA43E-C36D-4F2D-A715-22465BE90792}.Release|Any CPU.Build.0 = Release|Any CPU
		{659BA43E-C36D-4F2D-A715-22465BE90792}.Release|x64.ActiveCfg = Release|Any CPU
		{659BA43E-C36D-4F2D-A715-22465BE90792}.Release|x64.Build.0 = Release|Any CPU
		{659BA43E-C36D-4F2D-A715-22465BE90792}.Release|x86.ActiveCfg = Release|Any CPU
		{659BA43E-C36D-4F2D-A715-22465BE90792}.Release|x86.Build.0 = Release|Any CPU
		{CA1BD033-740D-44A6-839A-6EB0EEC22003}.Debug|Any CPU.ActiveCfg = Debug|Any CPU
		{CA1BD033-740D-44A6-839A-6EB0EEC22003}.Debug|Any CPU.Build.0 = Debug|Any CPU
		{CA1BD033-740D-44A6-839A-6EB0EEC22003}.Debug|x64.ActiveCfg = Debug|Any CPU
		{CA1BD033-740D-44A6-839A-6EB0EEC22003}.Debug|x64.Build.0 = Debug|Any CPU
		{CA1BD033-740D-44A6-839A-6EB0EEC22003}.Debug|x86.ActiveCfg = Debug|Any CPU
		{CA1BD033-740D-44A6-839A-6EB0EEC22003}.Debug|x86.Build.0 = Debug|Any CPU
		{CA1BD033-740D-44A6-839A-6EB0EEC22003}.Release|Any CPU.ActiveCfg = Release|Any CPU
		{CA1BD033-740D-44A6-839A-6EB0EEC22003}.Release|Any CPU.Build.0 = Release|Any CPU
		{CA1BD033-740D-44A6-839A-6EB0EEC22003}.Release|x64.ActiveCfg = Release|Any CPU
		{CA1BD033-740D-44A6-839A-6EB0EEC22003}.Release|x64.Build.0 = Release|Any CPU
		{CA1BD033-740D-44A6-839A-6EB0EEC22003}.Release|x86.ActiveCfg = Release|Any CPU
		{CA1BD033-740D-44A6-839A-6EB0EEC22003}.Release|x86.Build.0 = Release|Any CPU
		{9ED75211-EBB1-4D8B-B6FF-1BA73C2C1D7D}.Debug|Any CPU.ActiveCfg = Debug|Any CPU
		{9ED75211-EBB1-4D8B-B6FF-1BA73C2C1D7D}.Debug|Any CPU.Build.0 = Debug|Any CPU
		{9ED75211-EBB1-4D8B-B6FF-1BA73C2C1D7D}.Debug|x64.ActiveCfg = Debug|Any CPU
		{9ED75211-EBB1-4D8B-B6FF-1BA73C2C1D7D}.Debug|x64.Build.0 = Debug|Any CPU
		{9ED75211-EBB1-4D8B-B6FF-1BA73C2C1D7D}.Debug|x86.ActiveCfg = Debug|Any CPU
		{9ED75211-EBB1-4D8B-B6FF-1BA73C2C1D7D}.Debug|x86.Build.0 = Debug|Any CPU
		{9ED75211-EBB1-4D8B-B6FF-1BA73C2C1D7D}.Release|Any CPU.ActiveCfg = Release|Any CPU
		{9ED75211-EBB1-4D8B-B6FF-1BA73C2C1D7D}.Release|Any CPU.Build.0 = Release|Any CPU
		{9ED75211-EBB1-4D8B-B6FF-1BA73C2C1D7D}.Release|x64.ActiveCfg = Release|Any CPU
		{9ED75211-EBB1-4D8B-B6FF-1BA73C2C1D7D}.Release|x64.Build.0 = Release|Any CPU
		{9ED75211-EBB1-4D8B-B6FF-1BA73C2C1D7D}.Release|x86.ActiveCfg = Release|Any CPU
		{9ED75211-EBB1-4D8B-B6FF-1BA73C2C1D7D}.Release|x86.Build.0 = Release|Any CPU
		{F0B733D7-4E20-4616-BBCB-9763800BEC9D}.Debug|Any CPU.ActiveCfg = Debug|Any CPU
		{F0B733D7-4E20-4616-BBCB-9763800BEC9D}.Debug|Any CPU.Build.0 = Debug|Any CPU
		{F0B733D7-4E20-4616-BBCB-9763800BEC9D}.Debug|x64.ActiveCfg = Debug|Any CPU
		{F0B733D7-4E20-4616-BBCB-9763800BEC9D}.Debug|x64.Build.0 = Debug|Any CPU
		{F0B733D7-4E20-4616-BBCB-9763800BEC9D}.Debug|x86.ActiveCfg = Debug|Any CPU
		{F0B733D7-4E20-4616-BBCB-9763800BEC9D}.Debug|x86.Build.0 = Debug|Any CPU
		{F0B733D7-4E20-4616-BBCB-9763800BEC9D}.Release|Any CPU.ActiveCfg = Release|Any CPU
		{F0B733D7-4E20-4616-BBCB-9763800BEC9D}.Release|Any CPU.Build.0 = Release|Any CPU
		{F0B733D7-4E20-4616-BBCB-9763800BEC9D}.Release|x64.ActiveCfg = Release|Any CPU
		{F0B733D7-4E20-4616-BBCB-9763800BEC9D}.Release|x64.Build.0 = Release|Any CPU
		{F0B733D7-4E20-4616-BBCB-9763800BEC9D}.Release|x86.ActiveCfg = Release|Any CPU
		{F0B733D7-4E20-4616-BBCB-9763800BEC9D}.Release|x86.Build.0 = Release|Any CPU
	EndGlobalSection
	GlobalSection(SolutionProperties) = preSolution
		HideSolutionNode = FALSE
	EndGlobalSection
	GlobalSection(ExtensibilityGlobals) = postSolution
		SolutionGuid = {9574C5F7-86D1-4384-85AC-EA7D09B201AD}
	EndGlobalSection
EndGlobal
